
Microsoft Visual Studio Solution File, Format Version 12.00
# Visual Studio Version 17
VisualStudioVersion = 17.3.32811.315
MinimumVisualStudioVersion = 10.0.40219.1
Project("{FAE04EC0-301F-11D3-BF4B-00C04F79EFBC}") = "xRite Interface v1", "xRite Interface v1.csproj", "{50B85B67-4854-4230-83F6-EF345D99592C}"
EndProject
Global
	GlobalSection(SolutionConfigurationPlatforms) = preSolution
		Debug|Any CPU = Debug|Any CPU
		Release|Any CPU = Release|Any CPU
	EndGlobalSection
	GlobalSection(ProjectConfigurationPlatforms) = postSolution
		{50B85B67-4854-4230-83F6-EF345D99592C}.Debug|Any CPU.ActiveCfg = Debug|Any CPU
		{50B85B67-4854-4230-83F6-EF345D99592C}.Debug|Any CPU.Build.0 = Debug|Any CPU
		{50B85B67-4854-4230-83F6-EF345D99592C}.Release|Any CPU.ActiveCfg = Release|Any CPU
		{50B85B67-4854-4230-83F6-EF345D99592C}.Release|Any CPU.Build.0 = Release|Any CPU
	EndGlobalSection
	GlobalSection(SolutionProperties) = preSolution
		HideSolutionNode = FALSE
	EndGlobalSection
	GlobalSection(ExtensibilityGlobals) = postSolution
		SolutionGuid = {6621834A-B1C1-45D4-9ED1-3E5F621363BA}
	EndGlobalSection
EndGlobal
